
Microsoft Visual Studio Solution File, Format Version 12.00
# Visual Studio Version 16
VisualStudioVersion = 16.0.30907.101
MinimumVisualStudioVersion = 10.0.40219.1
Project("{FAE04EC0-301F-11D3-BF4B-00C04F79EFBC}") = "Visualization", "Visualization\Visualization.csproj", "{54BF3FA4-EA81-40BE-B659-9DC8C8D111BB}"
EndProject
Global
	GlobalSection(SolutionConfigurationPlatforms) = preSolution
		Debug|Any CPU = Debug|Any CPU
		Release|Any CPU = Release|Any CPU
	EndGlobalSection
	GlobalSection(ProjectConfigurationPlatforms) = postSolution
		{54BF3FA4-EA81-40BE-B659-9DC8C8D111BB}.Debug|Any CPU.ActiveCfg = Debug|Any CPU
		{54BF3FA4-EA81-40BE-B659-9DC8C8D111BB}.Debug|Any CPU.Build.0 = Debug|Any CPU
		{54BF3FA4-EA81-40BE-B659-9DC8C8D111BB}.Release|Any CPU.ActiveCfg = Release|Any CPU
		{54BF3FA4-EA81-40BE-B659-9DC8C8D111BB}.Release|Any CPU.Build.0 = Release|Any CPU
	EndGlobalSection
	GlobalSection(SolutionProperties) = preSolution
		HideSolutionNode = FALSE
	EndGlobalSection
	GlobalSection(ExtensibilityGlobals) = postSolution
		SolutionGuid = {BA78A4B4-1238-4365-BBF1-6A40354DE459}
	EndGlobalSection
EndGlobal
